
Microsoft Visual Studio Solution File, Format Version 12.00
# Visual Studio 14
VisualStudioVersion = 14.0.25123.0
MinimumVisualStudioVersion = 10.0.40219.1
Project("{FAE04EC0-301F-11D3-BF4B-00C04F79EFBC}") = "FDC_Tools.Droid", "FDC Tools\FDC_Tools.Droid\FDC_Tools.Droid.csproj", "{F970E178-0595-4C85-8F92-8295E2C43DFC}"
EndProject
Project("{FAE04EC0-301F-11D3-BF4B-00C04F79EFBC}") = "FDC_Tools.iOS", "FDC Tools\FDC_Tools.iOS\FDC_Tools.iOS.csproj", "{F1A0A6F4-97C5-4C72-A76B-5573A91202CF}"
EndProject
Project("{FAE04EC0-301F-11D3-BF4B-00C04F79EFBC}") = "FDC_Tools", "FDC Tools\FDC_Tools\FDC_Tools.csproj", "{3DA73672-ADAE-4CC1-8ABB-63488ED1AEDA}"
EndProject
Global
	GlobalSection(SolutionConfigurationPlatforms) = preSolution
		Ad-Hoc|Any CPU = Ad-Hoc|Any CPU
		Ad-Hoc|ARM = Ad-Hoc|ARM
		Ad-Hoc|iPhone = Ad-Hoc|iPhone
		Ad-Hoc|iPhoneSimulator = Ad-Hoc|iPhoneSimulator
		Ad-Hoc|x64 = Ad-Hoc|x64
		Ad-Hoc|x86 = Ad-Hoc|x86
		AppStore|Any CPU = AppStore|Any CPU
		AppStore|ARM = AppStore|ARM
		AppStore|iPhone = AppStore|iPhone
		AppStore|iPhoneSimulator = AppStore|iPhoneSimulator
		AppStore|x64 = AppStore|x64
		AppStore|x86 = AppStore|x86
		Debug|Any CPU = Debug|Any CPU
		Debug|ARM = Debug|ARM
		Debug|iPhone = Debug|iPhone
		Debug|iPhoneSimulator = Debug|iPhoneSimulator
		Debug|x64 = Debug|x64
		Debug|x86 = Debug|x86
		Release|Any CPU = Release|Any CPU
		Release|ARM = Release|ARM
		Release|iPhone = Release|iPhone
		Release|iPhoneSimulator = Release|iPhoneSimulator
		Release|x64 = Release|x64
		Release|x86 = Release|x86
	EndGlobalSection
	GlobalSection(ProjectConfigurationPlatforms) = postSolution
		{F970E178-0595-4C85-8F92-8295E2C43DFC}.Ad-Hoc|Any CPU.ActiveCfg = Release|Any CPU
		{F970E178-0595-4C85-8F92-8295E2C43DFC}.Ad-Hoc|Any CPU.Build.0 = Release|Any CPU
		{F970E178-0595-4C85-8F92-8295E2C43DFC}.Ad-Hoc|Any CPU.Deploy.0 = Release|Any CPU
		{F970E178-0595-4C85-8F92-8295E2C43DFC}.Ad-Hoc|ARM.ActiveCfg = Release|Any CPU
		{F970E178-0595-4C85-8F92-8295E2C43DFC}.Ad-Hoc|ARM.Build.0 = Release|Any CPU
		{F970E178-0595-4C85-8F92-8295E2C43DFC}.Ad-Hoc|ARM.Deploy.0 = Release|Any CPU
		{F970E178-0595-4C85-8F92-8295E2C43DFC}.Ad-Hoc|iPhone.ActiveCfg = Release|Any CPU
		{F970E178-0595-4C85-8F92-8295E2C43DFC}.Ad-Hoc|iPhone.Build.0 = Release|Any CPU
		{F970E178-0595-4C85-8F92-8295E2C43DFC}.Ad-Hoc|iPhone.Deploy.0 = Release|Any CPU
		{F970E178-0595-4C85-8F92-8295E2C43DFC}.Ad-Hoc|iPhoneSimulator.ActiveCfg = Release|Any CPU
		{F970E178-0595-4C85-8F92-8295E2C43DFC}.Ad-Hoc|iPhoneSimulator.Build.0 = Release|Any CPU
		{F970E178-0595-4C85-8F92-8295E2C43DFC}.Ad-Hoc|iPhoneSimulator.Deploy.0 = Release|Any CPU
		{F970E178-0595-4C85-8F92-8295E2C43DFC}.Ad-Hoc|x64.ActiveCfg = Release|Any CPU
		{F970E178-0595-4C85-8F92-8295E2C43DFC}.Ad-Hoc|x64.Build.0 = Release|Any CPU
		{F970E178-0595-4C85-8F92-8295E2C43DFC}.Ad-Hoc|x64.Deploy.0 = Release|Any CPU
		{F970E178-0595-4C85-8F92-8295E2C43DFC}.Ad-Hoc|x86.ActiveCfg = Release|Any CPU
		{F970E178-0595-4C85-8F92-8295E2C43DFC}.Ad-Hoc|x86.Build.0 = Release|Any CPU
		{F970E178-0595-4C85-8F92-8295E2C43DFC}.Ad-Hoc|x86.Deploy.0 = Release|Any CPU
		{F970E178-0595-4C85-8F92-8295E2C43DFC}.AppStore|Any CPU.ActiveCfg = Release|Any CPU
		{F970E178-0595-4C85-8F92-8295E2C43DFC}.AppStore|Any CPU.Build.0 = Release|Any CPU
		{F970E178-0595-4C85-8F92-8295E2C43DFC}.AppStore|Any CPU.Deploy.0 = Release|Any CPU
		{F970E178-0595-4C85-8F92-8295E2C43DFC}.AppStore|ARM.ActiveCfg = Release|Any CPU
		{F970E178-0595-4C85-8F92-8295E2C43DFC}.AppStore|ARM.Build.0 = Release|Any CPU
		{F970E178-0595-4C85-8F92-8295E2C43DFC}.AppStore|ARM.Deploy.0 = Release|Any CPU
		{F970E178-0595-4C85-8F92-8295E2C43DFC}.AppStore|iPhone.ActiveCfg = Release|Any CPU
		{F970E178-0595-4C85-8F92-8295E2C43DFC}.AppStore|iPhone.Build.0 = Release|Any CPU
		{F970E178-0595-4C85-8F92-8295E2C43DFC}.AppStore|iPhone.Deploy.0 = Release|Any CPU
		{F970E178-0595-4C85-8F92-8295E2C43DFC}.AppStore|iPhoneSimulator.ActiveCfg = Release|Any CPU
		{F970E178-0595-4C85-8F92-8295E2C43DFC}.AppStore|iPhoneSimulator.Build.0 = Release|Any CPU
		{F970E178-0595-4C85-8F92-8295E2C43DFC}.AppStore|iPhoneSimulator.Deploy.0 = Release|Any CPU
		{F970E178-0595-4C85-8F92-8295E2C43DFC}.AppStore|x64.ActiveCfg = Release|Any CPU
		{F970E178-0595-4C85-8F92-8295E2C43DFC}.AppStore|x64.Build.0 = Release|Any CPU
		{F970E178-0595-4C85-8F92-8295E2C43DFC}.AppStore|x64.Deploy.0 = Release|Any CPU
		{F970E178-0595-4C85-8F92-8295E2C43DFC}.AppStore|x86.ActiveCfg = Release|Any CPU
		{F970E178-0595-4C85-8F92-8295E2C43DFC}.AppStore|x86.Build.0 = Release|Any CPU
		{F970E178-0595-4C85-8F92-8295E2C43DFC}.AppStore|x86.Deploy.0 = Release|Any CPU
		{F970E178-0595-4C85-8F92-8295E2C43DFC}.Debug|Any CPU.ActiveCfg = Debug|Any CPU
		{F970E178-0595-4C85-8F92-8295E2C43DFC}.Debug|Any CPU.Build.0 = Debug|Any CPU
		{F970E178-0595-4C85-8F92-8295E2C43DFC}.Debug|Any CPU.Deploy.0 = Debug|Any CPU
		{F970E178-0595-4C85-8F92-8295E2C43DFC}.Debug|ARM.ActiveCfg = Debug|Any CPU
		{F970E178-0595-4C85-8F92-8295E2C43DFC}.Debug|ARM.Build.0 = Debug|Any CPU
		{F970E178-0595-4C85-8F92-8295E2C43DFC}.Debug|ARM.Deploy.0 = Debug|Any CPU
		{F970E178-0595-4C85-8F92-8295E2C43DFC}.Debug|iPhone.ActiveCfg = Debug|Any CPU
		{F970E178-0595-4C85-8F92-8295E2C43DFC}.Debug|iPhone.Build.0 = Debug|Any CPU
		{F970E178-0595-4C85-8F92-8295E2C43DFC}.Debug|iPhone.Deploy.0 = Debug|Any CPU
		{F970E178-0595-4C85-8F92-8295E2C43DFC}.Debug|iPhoneSimulator.ActiveCfg = Debug|Any CPU
		{F970E178-0595-4C85-8F92-8295E2C43DFC}.Debug|iPhoneSimulator.Build.0 = Debug|Any CPU
		{F970E178-0595-4C85-8F92-8295E2C43DFC}.Debug|iPhoneSimulator.Deploy.0 = Debug|Any CPU
		{F970E178-0595-4C85-8F92-8295E2C43DFC}.Debug|x64.ActiveCfg = Debug|Any CPU
		{F970E178-0595-4C85-8F92-8295E2C43DFC}.Debug|x64.Build.0 = Debug|Any CPU
		{F970E178-0595-4C85-8F92-8295E2C43DFC}.Debug|x64.Deploy.0 = Debug|Any CPU
		{F970E178-0595-4C85-8F92-8295E2C43DFC}.Debug|x86.ActiveCfg = Debug|Any CPU
		{F970E178-0595-4C85-8F92-8295E2C43DFC}.Debug|x86.Build.0 = Debug|Any CPU
		{F970E178-0595-4C85-8F92-8295E2C43DFC}.Debug|x86.Deploy.0 = Debug|Any CPU
		{F970E178-0595-4C85-8F92-8295E2C43DFC}.Release|Any CPU.ActiveCfg = Release|Any CPU
		{F970E178-0595-4C85-8F92-8295E2C43DFC}.Release|Any CPU.Build.0 = Release|Any CPU
		{F970E178-0595-4C85-8F92-8295E2C43DFC}.Release|Any CPU.Deploy.0 = Release|Any CPU
		{F970E178-0595-4C85-8F92-8295E2C43DFC}.Release|ARM.ActiveCfg = Release|Any CPU
		{F970E178-0595-4C85-8F92-8295E2C43DFC}.Release|ARM.Build.0 = Release|Any CPU
		{F970E178-0595-4C85-8F92-8295E2C43DFC}.Release|ARM.Deploy.0 = Release|Any CPU
		{F970E178-0595-4C85-8F92-8295E2C43DFC}.Release|iPhone.ActiveCfg = Release|Any CPU
		{F970E178-0595-4C85-8F92-8295E2C43DFC}.Release|iPhone.Build.0 = Release|Any CPU
		{F970E178-0595-4C85-8F92-8295E2C43DFC}.Release|iPhone.Deploy.0 = Release|Any CPU
		{F970E178-0595-4C85-8F92-8295E2C43DFC}.Release|iPhoneSimulator.ActiveCfg = Release|Any CPU
		{F970E178-0595-4C85-8F92-8295E2C43DFC}.Release|iPhoneSimulator.Build.0 = Release|Any CPU
		{F970E178-0595-4C85-8F92-8295E2C43DFC}.Release|iPhoneSimulator.Deploy.0 = Release|Any CPU
		{F970E178-0595-4C85-8F92-8295E2C43DFC}.Release|x64.ActiveCfg = Release|Any CPU
		{F970E178-0595-4C85-8F92-8295E2C43DFC}.Release|x64.Build.0 = Release|Any CPU
		{F970E178-0595-4C85-8F92-8295E2C43DFC}.Release|x64.Deploy.0 = Release|Any CPU
		{F970E178-0595-4C85-8F92-8295E2C43DFC}.Release|x86.ActiveCfg = Release|Any CPU
		{F970E178-0595-4C85-8F92-8295E2C43DFC}.Release|x86.Build.0 = Release|Any CPU
		{F970E178-0595-4C85-8F92-8295E2C43DFC}.Release|x86.Deploy.0 = Release|Any CPU
		{F1A0A6F4-97C5-4C72-A76B-5573A91202CF}.Ad-Hoc|Any CPU.ActiveCfg = Ad-Hoc|iPhone
		{F1A0A6F4-97C5-4C72-A76B-5573A91202CF}.Ad-Hoc|ARM.ActiveCfg = Ad-Hoc|iPhone
		{F1A0A6F4-97C5-4C72-A76B-5573A91202CF}.Ad-Hoc|iPhone.ActiveCfg = Ad-Hoc|iPhone
		{F1A0A6F4-97C5-4C72-A76B-5573A91202CF}.Ad-Hoc|iPhone.Build.0 = Ad-Hoc|iPhone
		{F1A0A6F4-97C5-4C72-A76B-5573A91202CF}.Ad-Hoc|iPhoneSimulator.ActiveCfg = Ad-Hoc|iPhoneSimulator
		{F1A0A6F4-97C5-4C72-A76B-5573A91202CF}.Ad-Hoc|iPhoneSimulator.Build.0 = Ad-Hoc|iPhoneSimulator
		{F1A0A6F4-97C5-4C72-A76B-5573A91202CF}.Ad-Hoc|x64.ActiveCfg = Ad-Hoc|iPhone
		{F1A0A6F4-97C5-4C72-A76B-5573A91202CF}.Ad-Hoc|x86.ActiveCfg = Ad-Hoc|iPhone
		{F1A0A6F4-97C5-4C72-A76B-5573A91202CF}.AppStore|Any CPU.ActiveCfg = AppStore|iPhone
		{F1A0A6F4-97C5-4C72-A76B-5573A91202CF}.AppStore|ARM.ActiveCfg = AppStore|iPhone
		{F1A0A6F4-97C5-4C72-A76B-5573A91202CF}.AppStore|iPhone.ActiveCfg = AppStore|iPhone
		{F1A0A6F4-97C5-4C72-A76B-5573A91202CF}.AppStore|iPhone.Build.0 = AppStore|iPhone
		{F1A0A6F4-97C5-4C72-A76B-5573A91202CF}.AppStore|iPhoneSimulator.ActiveCfg = AppStore|iPhoneSimulator
		{F1A0A6F4-97C5-4C72-A76B-5573A91202CF}.AppStore|iPhoneSimulator.Build.0 = AppStore|iPhoneSimulator
		{F1A0A6F4-97C5-4C72-A76B-5573A91202CF}.AppStore|x64.ActiveCfg = AppStore|iPhone
		{F1A0A6F4-97C5-4C72-A76B-5573A91202CF}.AppStore|x86.ActiveCfg = AppStore|iPhone
		{F1A0A6F4-97C5-4C72-A76B-5573A91202CF}.Debug|Any CPU.ActiveCfg = Debug|iPhone
		{F1A0A6F4-97C5-4C72-A76B-5573A91202CF}.Debug|ARM.ActiveCfg = Debug|iPhone
		{F1A0A6F4-97C5-4C72-A76B-5573A91202CF}.Debug|iPhone.ActiveCfg = Debug|iPhone
		{F1A0A6F4-97C5-4C72-A76B-5573A91202CF}.Debug|iPhone.Build.0 = Debug|iPhone
		{F1A0A6F4-97C5-4C72-A76B-5573A91202CF}.Debug|iPhoneSimulator.ActiveCfg = Debug|iPhoneSimulator
		{F1A0A6F4-97C5-4C72-A76B-5573A91202CF}.Debug|iPhoneSimulator.Build.0 = Debug|iPhoneSimulator
		{F1A0A6F4-97C5-4C72-A76B-5573A91202CF}.Debug|x64.ActiveCfg = Debug|iPhone
		{F1A0A6F4-97C5-4C72-A76B-5573A91202CF}.Debug|x86.ActiveCfg = Debug|iPhone
		{F1A0A6F4-97C5-4C72-A76B-5573A91202CF}.Release|Any CPU.ActiveCfg = Release|iPhone
		{F1A0A6F4-97C5-4C72-A76B-5573A91202CF}.Release|ARM.ActiveCfg = Release|iPhone
		{F1A0A6F4-97C5-4C72-A76B-5573A91202CF}.Release|iPhone.ActiveCfg = Release|iPhone
		{F1A0A6F4-97C5-4C72-A76B-5573A91202CF}.Release|iPhone.Build.0 = Release|iPhone
		{F1A0A6F4-97C5-4C72-A76B-5573A91202CF}.Release|iPhoneSimulator.ActiveCfg = Release|iPhoneSimulator
		{F1A0A6F4-97C5-4C72-A76B-5573A91202CF}.Release|iPhoneSimulator.Build.0 = Release|iPhoneSimulator
		{F1A0A6F4-97C5-4C72-A76B-5573A91202CF}.Release|x64.ActiveCfg = Release|iPhone
		{F1A0A6F4-97C5-4C72-A76B-5573A91202CF}.Release|x86.ActiveCfg = Release|iPhone
		{3DA73672-ADAE-4CC1-8ABB-63488ED1AEDA}.Ad-Hoc|Any CPU.ActiveCfg = Release|Any CPU
		{3DA73672-ADAE-4CC1-8ABB-63488ED1AEDA}.Ad-Hoc|Any CPU.Build.0 = Release|Any CPU
		{3DA73672-ADAE-4CC1-8ABB-63488ED1AEDA}.Ad-Hoc|ARM.ActiveCfg = Release|Any CPU
		{3DA73672-ADAE-4CC1-8ABB-63488ED1AEDA}.Ad-Hoc|ARM.Build.0 = Release|Any CPU
		{3DA73672-ADAE-4CC1-8ABB-63488ED1AEDA}.Ad-Hoc|iPhone.ActiveCfg = Release|Any CPU
		{3DA73672-ADAE-4CC1-8ABB-63488ED1AEDA}.Ad-Hoc|iPhone.Build.0 = Release|Any CPU
		{3DA73672-ADAE-4CC1-8ABB-63488ED1AEDA}.Ad-Hoc|iPhoneSimulator.ActiveCfg = Release|Any CPU
		{3DA73672-ADAE-4CC1-8ABB-63488ED1AEDA}.Ad-Hoc|iPhoneSimulator.Build.0 = Release|Any CPU
		{3DA73672-ADAE-4CC1-8ABB-63488ED1AEDA}.Ad-Hoc|x64.ActiveCfg = Release|Any CPU
		{3DA73672-ADAE-4CC1-8ABB-63488ED1AEDA}.Ad-Hoc|x64.Build.0 = Release|Any CPU
		{3DA73672-ADAE-4CC1-8ABB-63488ED1AEDA}.Ad-Hoc|x86.ActiveCfg = Release|Any CPU
		{3DA73672-ADAE-4CC1-8ABB-63488ED1AEDA}.Ad-Hoc|x86.Build.0 = Release|Any CPU
		{3DA73672-ADAE-4CC1-8ABB-63488ED1AEDA}.AppStore|Any CPU.ActiveCfg = Release|Any CPU
		{3DA73672-ADAE-4CC1-8ABB-63488ED1AEDA}.AppStore|Any CPU.Build.0 = Release|Any CPU
		{3DA73672-ADAE-4CC1-8ABB-63488ED1AEDA}.AppStore|ARM.ActiveCfg = Release|Any CPU
		{3DA73672-ADAE-4CC1-8ABB-63488ED1AEDA}.AppStore|ARM.Build.0 = Release|Any CPU
		{3DA73672-ADAE-4CC1-8ABB-63488ED1AEDA}.AppStore|iPhone.ActiveCfg = Release|Any CPU
		{3DA73672-ADAE-4CC1-8ABB-63488ED1AEDA}.AppStore|iPhone.Build.0 = Release|Any CPU
		{3DA73672-ADAE-4CC1-8ABB-63488ED1AEDA}.AppStore|iPhoneSimulator.ActiveCfg = Release|Any CPU
		{3DA73672-ADAE-4CC1-8ABB-63488ED1AEDA}.AppStore|iPhoneSimulator.Build.0 = Release|Any CPU
		{3DA73672-ADAE-4CC1-8ABB-63488ED1AEDA}.AppStore|x64.ActiveCfg = Release|Any CPU
		{3DA73672-ADAE-4CC1-8ABB-63488ED1AEDA}.AppStore|x64.Build.0 = Release|Any CPU
		{3DA73672-ADAE-4CC1-8ABB-63488ED1AEDA}.AppStore|x86.ActiveCfg = Release|Any CPU
		{3DA73672-ADAE-4CC1-8ABB-63488ED1AEDA}.AppStore|x86.Build.0 = Release|Any CPU
		{3DA73672-ADAE-4CC1-8ABB-63488ED1AEDA}.Debug|Any CPU.ActiveCfg = Debug|Any CPU
		{3DA73672-ADAE-4CC1-8ABB-63488ED1AEDA}.Debug|Any CPU.Build.0 = Debug|Any CPU
		{3DA73672-ADAE-4CC1-8ABB-63488ED1AEDA}.Debug|ARM.ActiveCfg = Debug|Any CPU
		{3DA73672-ADAE-4CC1-8ABB-63488ED1AEDA}.Debug|ARM.Build.0 = Debug|Any CPU
		{3DA73672-ADAE-4CC1-8ABB-63488ED1AEDA}.Debug|iPhone.ActiveCfg = Debug|Any CPU
		{3DA73672-ADAE-4CC1-8ABB-63488ED1AEDA}.Debug|iPhone.Build.0 = Debug|Any CPU
		{3DA73672-ADAE-4CC1-8ABB-63488ED1AEDA}.Debug|iPhoneSimulator.ActiveCfg = Debug|Any CPU
		{3DA73672-ADAE-4CC1-8ABB-63488ED1AEDA}.Debug|iPhoneSimulator.Build.0 = Debug|Any CPU
		{3DA73672-ADAE-4CC1-8ABB-63488ED1AEDA}.Debug|x64.ActiveCfg = Debug|Any CPU
		{3DA73672-ADAE-4CC1-8ABB-63488ED1AEDA}.Debug|x64.Build.0 = Debug|Any CPU
		{3DA73672-ADAE-4CC1-8ABB-63488ED1AEDA}.Debug|x86.ActiveCfg = Debug|Any CPU
		{3DA73672-ADAE-4CC1-8ABB-63488ED1AEDA}.Debug|x86.Build.0 = Debug|Any CPU
		{3DA73672-ADAE-4CC1-8ABB-63488ED1AEDA}.Release|Any CPU.ActiveCfg = Release|Any CPU
		{3DA73672-ADAE-4CC1-8ABB-63488ED1AEDA}.Release|Any CPU.Build.0 = Release|Any CPU
		{3DA73672-ADAE-4CC1-8ABB-63488ED1AEDA}.Release|ARM.ActiveCfg = Release|Any CPU
		{3DA73672-ADAE-4CC1-8ABB-63488ED1AEDA}.Release|ARM.Build.0 = Release|Any CPU
		{3DA73672-ADAE-4CC1-8ABB-63488ED1AEDA}.Release|iPhone.ActiveCfg = Release|Any CPU
		{3DA73672-ADAE-4CC1-8ABB-63488ED1AEDA}.Release|iPhone.Build.0 = Release|Any CPU
		{3DA73672-ADAE-4CC1-8ABB-63488ED1AEDA}.Release|iPhoneSimulator.ActiveCfg = Release|Any CPU
		{3DA73672-ADAE-4CC1-8ABB-63488ED1AEDA}.Release|iPhoneSimulator.Build.0 = Release|Any CPU
		{3DA73672-ADAE-4CC1-8ABB-63488ED1AEDA}.Release|x64.ActiveCfg = Release|Any CPU
		{3DA73672-ADAE-4CC1-8ABB-63488ED1AEDA}.Release|x64.Build.0 = Release|Any CPU
		{3DA73672-ADAE-4CC1-8ABB-63488ED1AEDA}.Release|x86.ActiveCfg = Release|Any CPU
		{3DA73672-ADAE-4CC1-8ABB-63488ED1AEDA}.Release|x86.Build.0 = Release|Any CPU
	EndGlobalSection
	GlobalSection(SolutionProperties) = preSolution
		HideSolutionNode = FALSE
	EndGlobalSection
EndGlobal
